
Microsoft Visual Studio Solution File, Format Version 12.00
# Visual Studio 15
VisualStudioVersion = 15.0.28307.757
MinimumVisualStudioVersion = 10.0.40219.1
Project("{2150E333-8FDC-42A3-9474-1A3956D46DE8}") = "Domain", "Domain", "{B62C6331-2631-44CB-B3D8-47958FB6ED35}"
EndProject
Project("{2150E333-8FDC-42A3-9474-1A3956D46DE8}") = "Tests", "Tests", "{0DAD23E5-5BBF-48A0-BE80-C3C20330414B}"
EndProject
Project("{2150E333-8FDC-42A3-9474-1A3956D46DE8}") = "Application", "Application", "{A3A41DF0-6D79-4E59-93CF-2CFCDA111F30}"
EndProject
Project("{9A19103F-16F7-4668-BE54-9A1E7A4F7556}") = "PersonalManagementServicePOC.Domain", "PersonalManagementServicePOC.Domain\PersonalManagementServicePOC.Domain.csproj", "{039736FA-DDCD-45C0-8883-345E9491D140}"
EndProject
Project("{9A19103F-16F7-4668-BE54-9A1E7A4F7556}") = "PersonalManagementServicePOC.NUnitTestProject", "PersonalManagementServicePOC.NUnitTestProject\PersonalManagementServicePOC.NUnitTestProject.csproj", "{2C7A3BE1-CF11-472E-BCC0-5F0E6F2250A5}"
EndProject
Project("{2150E333-8FDC-42A3-9474-1A3956D46DE8}") = "Hosting", "Hosting", "{0B69C4B6-5351-449E-AEA4-815B15F4CF1E}"
EndProject
Project("{2150E333-8FDC-42A3-9474-1A3956D46DE8}") = "SelfHosting", "SelfHosting", "{4FDF575C-4C50-4291-AACC-02E641EACA1B}"
EndProject
Project("{9A19103F-16F7-4668-BE54-9A1E7A4F7556}") = "PersonalManagementServicePOC.SelfHosting", "PersonalManagementServicePOC.SelfHosting\PersonalManagementServicePOC.SelfHosting.csproj", "{D75F91AC-AC8B-4422-9BF9-97E7DA12E75B}"
EndProject
Project("{2150E333-8FDC-42A3-9474-1A3956D46DE8}") = "Repository", "Repository", "{6A722E21-FF7D-4147-BB95-03AA1A6A28F8}"
EndProject
Project("{9A19103F-16F7-4668-BE54-9A1E7A4F7556}") = "Repository.PersonalManagementServicePOC", "Repository.PersonalManagementServicePOC\Repository.PersonalManagementServicePOC.csproj", "{DFF26654-C60D-4D10-B8CC-B06B7AC5CD1B}"
EndProject
Project("{2150E333-8FDC-42A3-9474-1A3956D46DE8}") = "IoC", "IoC", "{2044E3F0-2364-45E4-9784-47A605FE70A2}"
EndProject
Project("{9A19103F-16F7-4668-BE54-9A1E7A4F7556}") = "DependencyRegistrar", "DependencyRegistrar\DependencyRegistrar.csproj", "{A0BA43BB-FD80-4D5D-812A-3D9C6A79A1A4}"
EndProject
Project("{9A19103F-16F7-4668-BE54-9A1E7A4F7556}") = "PersonalManagementServicePOC.Application", "PersonalManagementServicePOC.Application1\PersonalManagementServicePOC.Application.csproj", "{6B376141-D66D-4085-B27E-4397B4CAA14A}"
EndProject
Project("{9A19103F-16F7-4668-BE54-9A1E7A4F7556}") = "PersonalManagementServicePOC.AzureHosts", "PersonalManagementServicePOC.AzureHosts\PersonalManagementServicePOC.AzureHosts.csproj", "{70E547DC-AD8A-4B2E-8E80-4F224E6F0F40}"
EndProject
Project("{2150E333-8FDC-42A3-9474-1A3956D46DE8}") = "AzureHosts", "AzureHosts", "{2C274E67-1379-4822-902A-9DE18DA5EE9C}"
EndProject
Project("{2150E333-8FDC-42A3-9474-1A3956D46DE8}") = "Tests", "Tests", "{A2A75893-026E-4767-88F3-4B1985948FE1}"
EndProject
Project("{9A19103F-16F7-4668-BE54-9A1E7A4F7556}") = "Repository.PersonalManagementServicePOC.Tests", "Repository.PersonalManagementServicePOC.Tests\Repository.PersonalManagementServicePOC.Tests.csproj", "{8E34672F-3872-4158-90C9-81BB3677FE9E}"
EndProject
Project("{2150E333-8FDC-42A3-9474-1A3956D46DE8}") = "Tests", "Tests", "{146D8528-2565-4E57-9002-E7E9CEBA1031}"
EndProject
Project("{9A19103F-16F7-4668-BE54-9A1E7A4F7556}") = "PersonalManagementServicePOC.Domain.Tests", "PersonalManagementServicePOC.Domain.Tests\PersonalManagementServicePOC.Domain.Tests.csproj", "{9273F988-A93A-482C-A8CD-51C2E6F03F79}"
EndProject
Project("{2150E333-8FDC-42A3-9474-1A3956D46DE8}") = "Tests", "Tests", "{DC02E85F-AA57-4F72-ABA1-B04312C1C7A8}"
EndProject
Project("{9A19103F-16F7-4668-BE54-9A1E7A4F7556}") = "PersonalManagementServicePOC.Application.Tests", "PersonalManagementServicePOC.Application.Tests\PersonalManagementServicePOC.Application.Tests.csproj", "{F59441AD-D912-4DD3-8EE7-C6EA6F8283A8}"
EndProject
Project("{E53339B2-1760-4266-BCC7-CA923CBCF16C}") = "docker-compose", "docker-compose.dcproj", "{745C1A39-D722-46FC-BD1A-4D143442C9EB}"
EndProject
Project("{2150E333-8FDC-42A3-9474-1A3956D46DE8}") = "Shared", "Shared", "{82AE78FC-A1E1-4EA9-94D2-D593A9625E06}"
EndProject
Project("{9A19103F-16F7-4668-BE54-9A1E7A4F7556}") = "ExceptionHandling", "Shared\Shared\ExceptionHandling\ExceptionHandling.csproj", "{ED809BF3-23F5-49D6-B80B-5530D2C5B73B}"
EndProject
Global
	GlobalSection(SolutionConfigurationPlatforms) = preSolution
		Debug|Any CPU = Debug|Any CPU
		Release|Any CPU = Release|Any CPU
	EndGlobalSection
	GlobalSection(ProjectConfigurationPlatforms) = postSolution
		{039736FA-DDCD-45C0-8883-345E9491D140}.Debug|Any CPU.ActiveCfg = Debug|Any CPU
		{039736FA-DDCD-45C0-8883-345E9491D140}.Debug|Any CPU.Build.0 = Debug|Any CPU
		{039736FA-DDCD-45C0-8883-345E9491D140}.Release|Any CPU.ActiveCfg = Release|Any CPU
		{039736FA-DDCD-45C0-8883-345E9491D140}.Release|Any CPU.Build.0 = Release|Any CPU
		{2C7A3BE1-CF11-472E-BCC0-5F0E6F2250A5}.Debug|Any CPU.ActiveCfg = Debug|Any CPU
		{2C7A3BE1-CF11-472E-BCC0-5F0E6F2250A5}.Debug|Any CPU.Build.0 = Debug|Any CPU
		{2C7A3BE1-CF11-472E-BCC0-5F0E6F2250A5}.Release|Any CPU.ActiveCfg = Release|Any CPU
		{2C7A3BE1-CF11-472E-BCC0-5F0E6F2250A5}.Release|Any CPU.Build.0 = Release|Any CPU
		{D75F91AC-AC8B-4422-9BF9-97E7DA12E75B}.Debug|Any CPU.ActiveCfg = Debug|Any CPU
		{D75F91AC-AC8B-4422-9BF9-97E7DA12E75B}.Debug|Any CPU.Build.0 = Debug|Any CPU
		{D75F91AC-AC8B-4422-9BF9-97E7DA12E75B}.Release|Any CPU.ActiveCfg = Release|Any CPU
		{D75F91AC-AC8B-4422-9BF9-97E7DA12E75B}.Release|Any CPU.Build.0 = Release|Any CPU
		{DFF26654-C60D-4D10-B8CC-B06B7AC5CD1B}.Debug|Any CPU.ActiveCfg = Debug|Any CPU
		{DFF26654-C60D-4D10-B8CC-B06B7AC5CD1B}.Debug|Any CPU.Build.0 = Debug|Any CPU
		{DFF26654-C60D-4D10-B8CC-B06B7AC5CD1B}.Release|Any CPU.ActiveCfg = Release|Any CPU
		{DFF26654-C60D-4D10-B8CC-B06B7AC5CD1B}.Release|Any CPU.Build.0 = Release|Any CPU
		{A0BA43BB-FD80-4D5D-812A-3D9C6A79A1A4}.Debug|Any CPU.ActiveCfg = Debug|Any CPU
		{A0BA43BB-FD80-4D5D-812A-3D9C6A79A1A4}.Debug|Any CPU.Build.0 = Debug|Any CPU
		{A0BA43BB-FD80-4D5D-812A-3D9C6A79A1A4}.Release|Any CPU.ActiveCfg = Release|Any CPU
		{A0BA43BB-FD80-4D5D-812A-3D9C6A79A1A4}.Release|Any CPU.Build.0 = Release|Any CPU
		{6B376141-D66D-4085-B27E-4397B4CAA14A}.Debug|Any CPU.ActiveCfg = Debug|Any CPU
		{6B376141-D66D-4085-B27E-4397B4CAA14A}.Debug|Any CPU.Build.0 = Debug|Any CPU
		{6B376141-D66D-4085-B27E-4397B4CAA14A}.Release|Any CPU.ActiveCfg = Release|Any CPU
		{6B376141-D66D-4085-B27E-4397B4CAA14A}.Release|Any CPU.Build.0 = Release|Any CPU
		{70E547DC-AD8A-4B2E-8E80-4F224E6F0F40}.Debug|Any CPU.ActiveCfg = Debug|Any CPU
		{70E547DC-AD8A-4B2E-8E80-4F224E6F0F40}.Debug|Any CPU.Build.0 = Debug|Any CPU
		{70E547DC-AD8A-4B2E-8E80-4F224E6F0F40}.Release|Any CPU.ActiveCfg = Release|Any CPU
		{70E547DC-AD8A-4B2E-8E80-4F224E6F0F40}.Release|Any CPU.Build.0 = Release|Any CPU
		{8E34672F-3872-4158-90C9-81BB3677FE9E}.Debug|Any CPU.ActiveCfg = Debug|Any CPU
		{8E34672F-3872-4158-90C9-81BB3677FE9E}.Debug|Any CPU.Build.0 = Debug|Any CPU
		{8E34672F-3872-4158-90C9-81BB3677FE9E}.Release|Any CPU.ActiveCfg = Release|Any CPU
		{8E34672F-3872-4158-90C9-81BB3677FE9E}.Release|Any CPU.Build.0 = Release|Any CPU
		{9273F988-A93A-482C-A8CD-51C2E6F03F79}.Debug|Any CPU.ActiveCfg = Debug|Any CPU
		{9273F988-A93A-482C-A8CD-51C2E6F03F79}.Debug|Any CPU.Build.0 = Debug|Any CPU
		{9273F988-A93A-482C-A8CD-51C2E6F03F79}.Release|Any CPU.ActiveCfg = Release|Any CPU
		{9273F988-A93A-482C-A8CD-51C2E6F03F79}.Release|Any CPU.Build.0 = Release|Any CPU
		{F59441AD-D912-4DD3-8EE7-C6EA6F8283A8}.Debug|Any CPU.ActiveCfg = Debug|Any CPU
		{F59441AD-D912-4DD3-8EE7-C6EA6F8283A8}.Debug|Any CPU.Build.0 = Debug|Any CPU
		{F59441AD-D912-4DD3-8EE7-C6EA6F8283A8}.Release|Any CPU.ActiveCfg = Release|Any CPU
		{F59441AD-D912-4DD3-8EE7-C6EA6F8283A8}.Release|Any CPU.Build.0 = Release|Any CPU
		{745C1A39-D722-46FC-BD1A-4D143442C9EB}.Debug|Any CPU.ActiveCfg = Debug|Any CPU
		{745C1A39-D722-46FC-BD1A-4D143442C9EB}.Debug|Any CPU.Build.0 = Debug|Any CPU
		{745C1A39-D722-46FC-BD1A-4D143442C9EB}.Release|Any CPU.ActiveCfg = Release|Any CPU
		{745C1A39-D722-46FC-BD1A-4D143442C9EB}.Release|Any CPU.Build.0 = Release|Any CPU
		{ED809BF3-23F5-49D6-B80B-5530D2C5B73B}.Debug|Any CPU.ActiveCfg = Debug|Any CPU
		{ED809BF3-23F5-49D6-B80B-5530D2C5B73B}.Debug|Any CPU.Build.0 = Debug|Any CPU
		{ED809BF3-23F5-49D6-B80B-5530D2C5B73B}.Release|Any CPU.ActiveCfg = Release|Any CPU
		{ED809BF3-23F5-49D6-B80B-5530D2C5B73B}.Release|Any CPU.Build.0 = Release|Any CPU
	EndGlobalSection
	GlobalSection(SolutionProperties) = preSolution
		HideSolutionNode = FALSE
	EndGlobalSection
	GlobalSection(NestedProjects) = preSolution
		{039736FA-DDCD-45C0-8883-345E9491D140} = {B62C6331-2631-44CB-B3D8-47958FB6ED35}
		{2C7A3BE1-CF11-472E-BCC0-5F0E6F2250A5} = {0DAD23E5-5BBF-48A0-BE80-C3C20330414B}
		{4FDF575C-4C50-4291-AACC-02E641EACA1B} = {0B69C4B6-5351-449E-AEA4-815B15F4CF1E}
		{D75F91AC-AC8B-4422-9BF9-97E7DA12E75B} = {4FDF575C-4C50-4291-AACC-02E641EACA1B}
		{DFF26654-C60D-4D10-B8CC-B06B7AC5CD1B} = {6A722E21-FF7D-4147-BB95-03AA1A6A28F8}
		{2044E3F0-2364-45E4-9784-47A605FE70A2} = {0B69C4B6-5351-449E-AEA4-815B15F4CF1E}
		{A0BA43BB-FD80-4D5D-812A-3D9C6A79A1A4} = {2044E3F0-2364-45E4-9784-47A605FE70A2}
		{6B376141-D66D-4085-B27E-4397B4CAA14A} = {A3A41DF0-6D79-4E59-93CF-2CFCDA111F30}
		{70E547DC-AD8A-4B2E-8E80-4F224E6F0F40} = {2C274E67-1379-4822-902A-9DE18DA5EE9C}
		{2C274E67-1379-4822-902A-9DE18DA5EE9C} = {0B69C4B6-5351-449E-AEA4-815B15F4CF1E}
		{A2A75893-026E-4767-88F3-4B1985948FE1} = {6A722E21-FF7D-4147-BB95-03AA1A6A28F8}
		{8E34672F-3872-4158-90C9-81BB3677FE9E} = {A2A75893-026E-4767-88F3-4B1985948FE1}
		{146D8528-2565-4E57-9002-E7E9CEBA1031} = {B62C6331-2631-44CB-B3D8-47958FB6ED35}
		{9273F988-A93A-482C-A8CD-51C2E6F03F79} = {146D8528-2565-4E57-9002-E7E9CEBA1031}
		{DC02E85F-AA57-4F72-ABA1-B04312C1C7A8} = {A3A41DF0-6D79-4E59-93CF-2CFCDA111F30}
		{F59441AD-D912-4DD3-8EE7-C6EA6F8283A8} = {DC02E85F-AA57-4F72-ABA1-B04312C1C7A8}
		{ED809BF3-23F5-49D6-B80B-5530D2C5B73B} = {82AE78FC-A1E1-4EA9-94D2-D593A9625E06}
	EndGlobalSection
	GlobalSection(ExtensibilityGlobals) = postSolution
		SolutionGuid = {95F69D6B-A08A-40A7-9F22-4DD235015624}
	EndGlobalSection
EndGlobal
